
Microsoft Visual Studio Solution File, Format Version 12.00
# Visual Studio Version 17
VisualStudioVersion = 17.11.35017.193
MinimumVisualStudioVersion = 10.0.40219.1
Project("{FAE04EC0-301F-11D3-BF4B-00C04F79EFBC}") = "RaylibWPF", "RaylibWPF.csproj", "{5DB23698-5E48-41DC-93AB-817DA9EAE37C}"
EndProject
Global
	GlobalSection(SolutionConfigurationPlatforms) = preSolution
		Debug|Any CPU = Debug|Any CPU
		Release|Any CPU = Release|Any CPU
	EndGlobalSection
	GlobalSection(ProjectConfigurationPlatforms) = postSolution
		{5DB23698-5E48-41DC-93AB-817DA9EAE37C}.Debug|Any CPU.ActiveCfg = Debug|Any CPU
		{5DB23698-5E48-41DC-93AB-817DA9EAE37C}.Debug|Any CPU.Build.0 = Debug|Any CPU
		{5DB23698-5E48-41DC-93AB-817DA9EAE37C}.Release|Any CPU.ActiveCfg = Release|Any CPU
		{5DB23698-5E48-41DC-93AB-817DA9EAE37C}.Release|Any CPU.Build.0 = Release|Any CPU
	EndGlobalSection
	GlobalSection(SolutionProperties) = preSolution
		HideSolutionNode = FALSE
	EndGlobalSection
	GlobalSection(ExtensibilityGlobals) = postSolution
		SolutionGuid = {A0B87C4B-F4FB-428B-A605-5431074A2E19}
	EndGlobalSection
EndGlobal
